
Microsoft Visual Studio Solution File, Format Version 12.00
# Visual Studio 15
VisualStudioVersion = 15.0.26730.16
MinimumVisualStudioVersion = 10.0.40219.1
Project("{FAE04EC0-301F-11D3-BF4B-00C04F79EFBC}") = "DataStructuresAndAlgorithms", "DataStructuresAndAlgorithms\DataStructuresAndAlgorithms.csproj", "{36C1619F-1F50-4AE0-975D-346AE6FA890E}"
EndProject
Global
	GlobalSection(SolutionConfigurationPlatforms) = preSolution
		Debug|Any CPU = Debug|Any CPU
		Release|Any CPU = Release|Any CPU
	EndGlobalSection
	GlobalSection(ProjectConfigurationPlatforms) = postSolution
		{36C1619F-1F50-4AE0-975D-346AE6FA890E}.Debug|Any CPU.ActiveCfg = Debug|Any CPU
		{36C1619F-1F50-4AE0-975D-346AE6FA890E}.Debug|Any CPU.Build.0 = Debug|Any CPU
		{36C1619F-1F50-4AE0-975D-346AE6FA890E}.Release|Any CPU.ActiveCfg = Release|Any CPU
		{36C1619F-1F50-4AE0-975D-346AE6FA890E}.Release|Any CPU.Build.0 = Release|Any CPU
	EndGlobalSection
	GlobalSection(SolutionProperties) = preSolution
		HideSolutionNode = FALSE
	EndGlobalSection
	GlobalSection(ExtensibilityGlobals) = postSolution
		SolutionGuid = {915D4A72-9210-41C1-969E-D743A4AB0580}
	EndGlobalSection
EndGlobal
